// !$*UTF8*$!
{
	archiveVersion = 1;
	classes = {
	};
	objectVersion = 50;
	objects = {

/* Begin PBXBuildFile section */
		B04DFF82228BD617008BA7B5 /* AppDelegate.swift in Sources */ = {isa = PBXBuildFile; fileRef = B04DFF81228BD617008BA7B5 /* AppDelegate.swift */; };
		B04DFF84228BD617008BA7B5 /* ViewController.swift in Sources */ = {isa = PBXBuildFile; fileRef = B04DFF83228BD617008BA7B5 /* ViewController.swift */; };
		B04DFF87228BD617008BA7B5 /* Main.storyboard in Resources */ = {isa = PBXBuildFile; fileRef = B04DFF85228BD617008BA7B5 /* Main.storyboard */; };
		B04DFF89228BD619008BA7B5 /* Assets.xcassets in Resources */ = {isa = PBXBuildFile; fileRef = B04DFF88228BD619008BA7B5 /* Assets.xcassets */; };
		B04DFF8C228BD619008BA7B5 /* LaunchScreen.storyboard in Resources */ = {isa = PBXBuildFile; fileRef = B04DFF8A228BD619008BA7B5 /* LaunchScreen.storyboard */; };
		B04DFF97228BD619008BA7B5 /* NC1Tests.swift in Sources */ = {isa = PBXBuildFile; fileRef = B04DFF96228BD619008BA7B5 /* NC1Tests.swift */; };
		B04DFFA2228BD619008BA7B5 /* NC1UITests.swift in Sources */ = {isa = PBXBuildFile; fileRef = B04DFFA1228BD619008BA7B5 /* NC1UITests.swift */; };
/* End PBXBuildFile section */

/* Begin PBXContainerItemProxy section */
		B04DFF93228BD619008BA7B5 /* PBXContainerItemProxy */ = {
			isa = PBXContainerItemProxy;
			containerPortal = B04DFF76228BD617008BA7B5 /* Project object */;
			proxyType = 1;
			remoteGlobalIDString = B04DFF7D228BD617008BA7B5;
			remoteInfo = NC1;
		};
		B04DFF9E228BD619008BA7B5 /* PBXContainerItemProxy */ = {
			isa = PBXContainerItemProxy;
			containerPortal = B04DFF76228BD617008BA7B5 /* Project object */;
			proxyType = 1;
			remoteGlobalIDString = B04DFF7D228BD617008BA7B5;
			remoteInfo = NC1;
		};
/* End PBXContainerItemProxy section */

/* Begin PBXFileReference section */
		B04DFF7E228BD617008BA7B5 /* NC1.app */ = {isa = PBXFileReference; explicitFileType = wrapper.application; includeInIndex = 0; path = NC1.app; sourceTree = BUILT_PRODUCTS_DIR; };
		B04DFF81228BD617008BA7B5 /* AppDelegate.swift */ = {isa = PBXFileReference; lastKnownFileType = sourcecode.swift; path = AppDelegate.swift; sourceTree = "<group>"; };
		B04DFF83228BD617008BA7B5 /* ViewController.swift */ = {isa = PBXFileReference; lastKnownFileType = sourcecode.swift; path = ViewController.swift; sourceTree = "<group>"; };
		B04DFF86228BD617008BA7B5 /* Base */ = {isa = PBXFileReference; lastKnownFileType = file.storyboard; name = Base; path = Base.lproj/Main.storyboard; sourceTree = "<group>"; };
		B04DFF88228BD619008BA7B5 /* Assets.xcassets */ = {isa = PBXFileReference; lastKnownFileType = folder.assetcatalog; path = Assets.xcassets; sourceTree = "<group>"; };
		B04DFF8B228BD619008BA7B5 /* Base */ = {isa = PBXFileReference; lastKnownFileType = file.storyboard; name = Base; path = Base.lproj/LaunchScreen.storyboard; sourceTree = "<group>"; };
		B04DFF8D228BD619008BA7B5 /* Info.plist */ = {isa = PBXFileReference; lastKnownFileType = text.plist.xml; path = Info.plist; sourceTree = "<group>"; };
		B04DFF92228BD619008BA7B5 /* NC1Tests.xctest */ = {isa = PBXFileReference; explicitFileType = wrapper.cfbundle; includeInIndex = 0; path = NC1Tests.xctest; sourceTree = BUILT_PRODUCTS_DIR; };
		B04DFF96228BD619008BA7B5 /* NC1Tests.swift */ = {isa = PBXFileReference; lastKnownFileType = sourcecode.swift; path = NC1Tests.swift; sourceTree = "<group>"; };
		B04DFF98228BD619008BA7B5 /* Info.plist */ = {isa = PBXFileReference; lastKnownFileType = text.plist.xml; path = Info.plist; sourceTree = "<group>"; };
		B04DFF9D228BD619008BA7B5 /* NC1UITests.xctest */ = {isa = PBXFileReference; explicitFileType = wrapper.cfbundle; includeInIndex = 0; path = NC1UITests.xctest; sourceTree = BUILT_PRODUCTS_DIR; };
		B04DFFA1228BD619008BA7B5 /* NC1UITests.swift */ = {isa = PBXFileReference; lastKnownFileType = sourcecode.swift; path = NC1UITests.swift; sourceTree = "<group>"; };
		B04DFFA3228BD619008BA7B5 /* Info.plist */ = {isa = PBXFileReference; lastKnownFileType = text.plist.xml; path = Info.plist; sourceTree = "<group>"; };
/* End PBXFileReference section */

/* Begin PBXFrameworksBuildPhase section */
		B04DFF7B228BD617008BA7B5 /* Frameworks */ = {
			isa = PBXFrameworksBuildPhase;
			buildActionMask = 2147483647;
			files = (
			);
			runOnlyForDeploymentPostprocessing = 0;
		};
		B04DFF8F228BD619008BA7B5 /* Frameworks */ = {
			isa = PBXFrameworksBuildPhase;
			buildActionMask = 2147483647;
			files = (
			);
			runOnlyForDeploymentPostprocessing = 0;
		};
		B04DFF9A228BD619008BA7B5 /* Frameworks */ = {
			isa = PBXFrameworksBuildPhase;
			buildActionMask = 2147483647;
			files = (
			);
			runOnlyForDeploymentPostprocessing = 0;
		};
/* End PBXFrameworksBuildPhase section */

/* Begin PBXGroup section */
		B04DFF75228BD617008BA7B5 = {
			isa = PBXGroup;
			children = (
				B04DFF80228BD617008BA7B5 /* NC1 */,
				B04DFF95228BD619008BA7B5 /* NC1Tests */,
				B04DFFA0228BD619008BA7B5 /* NC1UITests */,
				B04DFF7F228BD617008BA7B5 /* Products */,
			);
			sourceTree = "<group>";
		};
		B04DFF7F228BD617008BA7B5 /* Products */ = {
			isa = PBXGroup;
			children = (
				B04DFF7E228BD617008BA7B5 /* NC1.app */,
				B04DFF92228BD619008BA7B5 /* NC1Tests.xctest */,
				B04DFF9D228BD619008BA7B5 /* NC1UITests.xctest */,
			);
			name = Products;
			sourceTree = "<group>";
		};
		B04DFF80228BD617008BA7B5 /* NC1 */ = {
			isa = PBXGroup;
			children = (
				B04DFF81228BD617008BA7B5 /* AppDelegate.swift */,
				B04DFF83228BD617008BA7B5 /* ViewController.swift */,
				B04DFF85228BD617008BA7B5 /* Main.storyboard */,
				B04DFF88228BD619008BA7B5 /* Assets.xcassets */,
				B04DFF8A228BD619008BA7B5 /* LaunchScreen.storyboard */,
				B04DFF8D228BD619008BA7B5 /* Info.plist */,
			);
			path = NC1;
			sourceTree = "<group>";
		};
		B04DFF95228BD619008BA7B5 /* NC1Tests */ = {
			isa = PBXGroup;
			children = (
				B04DFF96228BD619008BA7B5 /* NC1Tests.swift */,
				B04DFF98228BD619008BA7B5 /* Info.plist */,
			);
			path = NC1Tests;
			sourceTree = "<group>";
		};
		B04DFFA0228BD619008BA7B5 /* NC1UITests */ = {
			isa = PBXGroup;
			children = (
				B04DFFA1228BD619008BA7B5 /* NC1UITests.swift */,
				B04DFFA3228BD619008BA7B5 /* Info.plist */,
			);
			path = NC1UITests;
			sourceTree = "<group>";
		};
/* End PBXGroup section */

/* Begin PBXNativeTarget section */
		B04DFF7D228BD617008BA7B5 /* NC1 */ = {
			isa = PBXNativeTarget;
			buildConfigurationList = B04DFFA6228BD619008BA7B5 /* Build configuration list for PBXNativeTarget "NC1" */;
			buildPhases = (
				B04DFF7A228BD617008BA7B5 /* Sources */,
				B04DFF7B228BD617008BA7B5 /* Frameworks */,
				B04DFF7C228BD617008BA7B5 /* Resources */,
			);
			buildRules = (
			);
			dependencies = (
			);
			name = NC1;
			productName = NC1;
			productReference = B04DFF7E228BD617008BA7B5 /* NC1.app */;
			productType = "com.apple.product-type.application";
		};
		B04DFF91228BD619008BA7B5 /* NC1Tests */ = {
			isa = PBXNativeTarget;
			buildConfigurationList = B04DFFA9228BD619008BA7B5 /* Build configuration list for PBXNativeTarget "NC1Tests" */;
			buildPhases = (
				B04DFF8E228BD619008BA7B5 /* Sources */,
				B04DFF8F228BD619008BA7B5 /* Frameworks */,
				B04DFF90228BD619008BA7B5 /* Resources */,
			);
			buildRules = (
			);
			dependencies = (
				B04DFF94228BD619008BA7B5 /* PBXTargetDependency */,
			);
			name = NC1Tests;
			productName = NC1Tests;
			productReference = B04DFF92228BD619008BA7B5 /* NC1Tests.xctest */;
			productType = "com.apple.product-type.bundle.unit-test";
		};
		B04DFF9C228BD619008BA7B5 /* NC1UITests */ = {
			isa = PBXNativeTarget;
			buildConfigurationList = B04DFFAC228BD619008BA7B5 /* Build configuration list for PBXNativeTarget "NC1UITests" */;
			buildPhases = (
				B04DFF99228BD619008BA7B5 /* Sources */,
				B04DFF9A228BD619008BA7B5 /* Frameworks */,
				B04DFF9B228BD619008BA7B5 /* Resources */,
			);
			buildRules = (
			);
			dependencies = (
				B04DFF9F228BD619008BA7B5 /* PBXTargetDependency */,
			);
			name = NC1UITests;
			productName = NC1UITests;
			productReference = B04DFF9D228BD619008BA7B5 /* NC1UITests.xctest */;
			productType = "com.apple.product-type.bundle.ui-testing";
		};
/* End PBXNativeTarget section */

/* Begin PBXProject section */
		B04DFF76228BD617008BA7B5 /* Project object */ = {
			isa = PBXProject;
			attributes = {
				LastSwiftUpdateCheck = 1020;
				LastUpgradeCheck = 1020;
				ORGANIZATIONNAME = Steven;
				TargetAttributes = {
					B04DFF7D228BD617008BA7B5 = {
						CreatedOnToolsVersion = 10.2.1;
					};
					B04DFF91228BD619008BA7B5 = {
						CreatedOnToolsVersion = 10.2.1;
						TestTargetID = B04DFF7D228BD617008BA7B5;
					};
					B04DFF9C228BD619008BA7B5 = {
						CreatedOnToolsVersion = 10.2.1;
						TestTargetID = B04DFF7D228BD617008BA7B5;
					};
				};
			};
			buildConfigurationList = B04DFF79228BD617008BA7B5 /* Build configuration list for PBXProject "NC1" */;
			compatibilityVersion = "Xcode 9.3";
			developmentRegion = en;
			hasScannedForEncodings = 0;
			knownRegions = (
				en,
				Base,
			);
			mainGroup = B04DFF75228BD617008BA7B5;
			productRefGroup = B04DFF7F228BD617008BA7B5 /* Products */;
			projectDirPath = "";
			projectRoot = "";
			targets = (
				B04DFF7D228BD617008BA7B5 /* NC1 */,
				B04DFF91228BD619008BA7B5 /* NC1Tests */,
				B04DFF9C228BD619008BA7B5 /* NC1UITests */,
			);
		};
/* End PBXProject section */

/* Begin PBXResourcesBuildPhase section */
		B04DFF7C228BD617008BA7B5 /* Resources */ = {
			isa = PBXResourcesBuildPhase;
			buildActionMask = 2147483647;
			files = (
				B04DFF8C228BD619008BA7B5 /* LaunchScreen.storyboard in Resources */,
				B04DFF89228BD619008BA7B5 /* Assets.xcassets in Resources */,
				B04DFF87228BD617008BA7B5 /* Main.storyboard in Resources */,
			);
			runOnlyForDeploymentPostprocessing = 0;
		};
		B04DFF90228BD619008BA7B5 /* Resources */ = {
			isa = PBXResourcesBuildPhase;
			buildActionMask = 2147483647;
			files = (
			);
			runOnlyForDeploymentPostprocessing = 0;
		};
		B04DFF9B228BD619008BA7B5 /* Resources */ = {
			isa = PBXResourcesBuildPhase;
			buildActionMask = 2147483647;
			files = (
			);
			runOnlyForDeploymentPostprocessing = 0;
		};
/* End PBXResourcesBuildPhase section */

/* Begin PBXSourcesBuildPhase section */
		B04DFF7A228BD617008BA7B5 /* Sources */ = {
			isa = PBXSourcesBuildPhase;
			buildActionMask = 2147483647;
			files = (
				B04DFF84228BD617008BA7B5 /* ViewController.swift in Sources */,
				B04DFF82228BD617008BA7B5 /* AppDelegate.swift in Sources */,
			);
			runOnlyForDeploymentPostprocessing = 0;
		};
		B04DFF8E228BD619008BA7B5 /* Sources */ = {
			isa = PBXSourcesBuildPhase;
			buildActionMask = 2147483647;
			files = (
				B04DFF97228BD619008BA7B5 /* NC1Tests.swift in Sources */,
			);
			runOnlyForDeploymentPostprocessing = 0;
		};
		B04DFF99228BD619008BA7B5 /* Sources */ = {
			isa = PBXSourcesBuildPhase;
			buildActionMask = 2147483647;
			files = (
				B04DFFA2228BD619008BA7B5 /* NC1UITests.swift in Sources */,
			);
			runOnlyForDeploymentPostprocessing = 0;
		};
/* End PBXSourcesBuildPhase section */

/* Begin PBXTargetDependency section */
		B04DFF94228BD619008BA7B5 /* PBXTargetDependency */ = {
			isa = PBXTargetDependency;
			target = B04DFF7D228BD617008BA7B5 /* NC1 */;
			targetProxy = B04DFF93228BD619008BA7B5 /* PBXContainerItemProxy */;
		};
		B04DFF9F228BD619008BA7B5 /* PBXTargetDependency */ = {
			isa = PBXTargetDependency;
			target = B04DFF7D228BD617008BA7B5 /* NC1 */;
			targetProxy = B04DFF9E228BD619008BA7B5 /* PBXContainerItemProxy */;
		};
/* End PBXTargetDependency section */

/* Begin PBXVariantGroup section */
		B04DFF85228BD617008BA7B5 /* Main.storyboard */ = {
			isa = PBXVariantGroup;
			children = (
				B04DFF86228BD617008BA7B5 /* Base */,
			);
			name = Main.storyboard;
			sourceTree = "<group>";
		};
		B04DFF8A228BD619008BA7B5 /* LaunchScreen.storyboard */ = {
			isa = PBXVariantGroup;
			children = (
				B04DFF8B228BD619008BA7B5 /* Base */,
			);
			name = LaunchScreen.storyboard;
			sourceTree = "<group>";
		};
/* End PBXVariantGroup section */

/* Begin XCBuildConfiguration section */
		B04DFFA4228BD619008BA7B5 /* Debug */ = {
			isa = XCBuildConfiguration;
			buildSettings = {
				ALWAYS_SEARCH_USER_PATHS = NO;
				CLANG_ANALYZER_NONNULL = YES;
				CLANG_ANALYZER_NUMBER_OBJECT_CONVERSION = YES_AGGRESSIVE;
				CLANG_CXX_LANGUAGE_STANDARD = "gnu++14";
				CLANG_CXX_LIBRARY = "libc++";
				CLANG_ENABLE_MODULES = YES;
				CLANG_ENABLE_OBJC_ARC = YES;
				CLANG_ENABLE_OBJC_WEAK = YES;
				CLANG_WARN_BLOCK_CAPTURE_AUTORELEASING = YES;
				CLANG_WARN_BOOL_CONVERSION = YES;
				CLANG_WARN_COMMA = YES;
				CLANG_WARN_CONSTANT_CONVERSION = YES;
				CLANG_WARN_DEPRECATED_OBJC_IMPLEMENTATIONS = YES;
				CLANG_WARN_DIRECT_OBJC_ISA_USAGE = YES_ERROR;
				CLANG_WARN_DOCUMENTATION_COMMENTS = YES;
				CLANG_WARN_EMPTY_BODY = YES;
				CLANG_WARN_ENUM_CONVERSION = YES;
				CLANG_WARN_INFINITE_RECURSION = YES;
				CLANG_WARN_INT_CONVERSION = YES;
				CLANG_WARN_NON_LITERAL_NULL_CONVERSION = YES;
				CLANG_WARN_OBJC_IMPLICIT_RETAIN_SELF = YES;
				CLANG_WARN_OBJC_LITERAL_CONVERSION = YES;
				CLANG_WARN_OBJC_ROOT_CLASS = YES_ERROR;
				CLANG_WARN_RANGE_LOOP_ANALYSIS = YES;
				CLANG_WARN_STRICT_PROTOTYPES = YES;
				CLANG_WARN_SUSPICIOUS_MOVE = YES;
				CLANG_WARN_UNGUARDED_AVAILABILITY = YES_AGGRESSIVE;
				CLANG_WARN_UNREACHABLE_CODE = YES;
				CLANG_WARN__DUPLICATE_METHOD_MATCH = YES;
				CODE_SIGN_IDENTITY = "iPhone Developer";
				COPY_PHASE_STRIP = NO;
				DEBUG_INFORMATION_FORMAT = dwarf;
				ENABLE_STRICT_OBJC_MSGSEND = YES;
				ENABLE_TESTABILITY = YES;
				GCC_C_LANGUAGE_STANDARD = gnu11;
				GCC_DYNAMIC_NO_PIC = NO;
				GCC_NO_COMMON_BLOCKS = YES;
				GCC_OPTIMIZATION_LEVEL = 0;
				GCC_PREPROCESSOR_DEFINITIONS = (
					"DEBUG=1",
					"$(inherited)",
				);
				GCC_WARN_64_TO_32_BIT_CONVERSION = YES;
				GCC_WARN_ABOUT_RETURN_TYPE = YES_ERROR;
				GCC_WARN_UNDECLARED_SELECTOR = YES;
				GCC_WARN_UNINITIALIZED_AUTOS = YES_AGGRESSIVE;
				GCC_WARN_UNUSED_FUNCTION = YES;
				GCC_WARN_UNUSED_VARIABLE = YES;
				IPHONEOS_DEPLOYMENT_TARGET = 12.2;
				MTL_ENABLE_DEBUG_INFO = INCLUDE_SOURCE;
				MTL_FAST_MATH = YES;
				ONLY_ACTIVE_ARCH = YES;
				SDKROOT = iphoneos;
				SWIFT_ACTIVE_COMPILATION_CONDITIONS = DEBUG;
				SWIFT_OPTIMIZATION_LEVEL = "-Onone";
			};
			name = Debug;
		};
		B04DFFA5228BD619008BA7B5 /* Release */ = {
			isa = XCBuildConfiguration;
			buildSettings = {
				ALWAYS_SEARCH_USER_PATHS = NO;
				CLANG_ANALYZER_NONNULL = YES;
				CLANG_ANALYZER_NUMBER_OBJECT_CONVERSION = YES_AGGRESSIVE;
				CLANG_CXX_LANGUAGE_STANDARD = "gnu++14";
				CLANG_CXX_LIBRARY = "libc++";
				CLANG_ENABLE_MODULES = YES;
				CLANG_ENABLE_OBJC_ARC = YES;
				CLANG_ENABLE_OBJC_WEAK = YES;
				CLANG_WARN_BLOCK_CAPTURE_AUTORELEASING = YES;
				CLANG_WARN_BOOL_CONVERSION = YES;
				CLANG_WARN_COMMA = YES;
				CLANG_WARN_CONSTANT_CONVERSION = YES;
				CLANG_WARN_DEPRECATED_OBJC_IMPLEMENTATIONS = YES;
				CLANG_WARN_DIRECT_OBJC_ISA_USAGE = YES_ERROR;
				CLANG_WARN_DOCUMENTATION_COMMENTS = YES;
				CLANG_WARN_EMPTY_BODY = YES;
				CLANG_WARN_ENUM_CONVERSION = YES;
				CLANG_WARN_INFINITE_RECURSION = YES;
				CLANG_WARN_INT_CONVERSION = YES;
				CLANG_WARN_NON_LITERAL_NULL_CONVERSION = YES;
				CLANG_WARN_OBJC_IMPLICIT_RETAIN_SELF = YES;
				CLANG_WARN_OBJC_LITERAL_CONVERSION = YES;
				CLANG_WARN_OBJC_ROOT_CLASS = YES_ERROR;
				CLANG_WARN_RANGE_LOOP_ANALYSIS = YES;
				CLANG_WARN_STRICT_PROTOTYPES = YES;
				CLANG_WARN_SUSPICIOUS_MOVE = YES;
				CLANG_WARN_UNGUARDED_AVAILABILITY = YES_AGGRESSIVE;
				CLANG_WARN_UNREACHABLE_CODE = YES;
				CLANG_WARN__DUPLICATE_METHOD_MATCH = YES;
				CODE_SIGN_IDENTITY = "iPhone Developer";
				COPY_PHASE_STRIP = NO;
				DEBUG_INFORMATION_FORMAT = "dwarf-with-dsym";
				ENABLE_NS_ASSERTIONS = NO;
				ENABLE_STRICT_OBJC_MSGSEND = YES;
				GCC_C_LANGUAGE_STANDARD = gnu11;
				GCC_NO_COMMON_BLOCKS = YES;
				GCC_WARN_64_TO_32_BIT_CONVERSION = YES;
				GCC_WARN_ABOUT_RETURN_TYPE = YES_ERROR;
				GCC_WARN_UNDECLARED_SELECTOR = YES;
				GCC_WARN_UNINITIALIZED_AUTOS = YES_AGGRESSIVE;
				GCC_WARN_UNUSED_FUNCTION = YES;
				GCC_WARN_UNUSED_VARIABLE = YES;
				IPHONEOS_DEPLOYMENT_TARGET = 12.2;
				MTL_ENABLE_DEBUG_INFO = NO;
				MTL_FAST_MATH = YES;
				SDKROOT = iphoneos;
				SWIFT_COMPILATION_MODE = wholemodule;
				SWIFT_OPTIMIZATION_LEVEL = "-O";
				VALIDATE_PRODUCT = YES;
			};
			name = Release;
		};
		B04DFFA7228BD619008BA7B5 /* Debug */ = {
			isa = XCBuildConfiguration;
			buildSettings = {
				ASSETCATALOG_COMPILER_APPICON_NAME = AppIcon;
				CODE_SIGN_STYLE = Automatic;
				DEVELOPMENT_TEAM = EF3ZB275X3;
				INFOPLIST_FILE = NC1/Info.plist;
				LD_RUNPATH_SEARCH_PATHS = (
					"$(inherited)",
					"@executable_path/Frameworks",
				);
				PRODUCT_BUNDLE_IDENTIFIER = INC.NC1;
				PRODUCT_NAME = "$(TARGET_NAME)";
				SWIFT_VERSION = 5.0;
				TARGETED_DEVICE_FAMILY = "1,2";
			};
			name = Debug;
		};
		B04DFFA8228BD619008BA7B5 /* Release */ = {
			isa = XCBuildConfiguration;
			buildSettings = {
				ASSETCATALOG_COMPILER_APPICON_NAME = AppIcon;
				CODE_SIGN_STYLE = Automatic;
				DEVELOPMENT_TEAM = EF3ZB275X3;
				INFOPLIST_FILE = NC1/Info.plist;
				LD_RUNPATH_SEARCH_PATHS = (
					"$(inherited)",
					"@executable_path/Frameworks",
				);
				PRODUCT_BUNDLE_IDENTIFIER = INC.NC1;
				PRODUCT_NAME = "$(TARGET_NAME)";
				SWIFT_VERSION = 5.0;
				TARGETED_DEVICE_FAMILY = "1,2";
			};
			name = Release;
		};
		B04DFFAA228BD619008BA7B5 /* Debug */ = {
			isa = XCBuildConfiguration;
			buildSettings = {
				ALWAYS_EMBED_SWIFT_STANDARD_LIBRARIES = YES;
				BUNDLE_LOADER = "$(TEST_HOST)";
				CODE_SIGN_STYLE = Automatic;
				DEVELOPMENT_TEAM = EF3ZB275X3;
				INFOPLIST_FILE = NC1Tests/Info.plist;
				LD_RUNPATH_SEARCH_PATHS = (
					"$(inherited)",
					"@executable_path/Frameworks",
					"@loader_path/Frameworks",
				);
				PRODUCT_BUNDLE_IDENTIFIER = INC.NC1Tests;
				PRODUCT_NAME = "$(TARGET_NAME)";
				SWIFT_VERSION = 5.0;
				TARGETED_DEVICE_FAMILY = "1,2";
				TEST_HOST = "$(BUILT_PRODUCTS_DIR)/NC1.app/NC1";
			};
			name = Debug;
		};
		B04DFFAB228BD619008BA7B5 /* Release */ = {
			isa = XCBuildConfiguration;
			buildSettings = {
				ALWAYS_EMBED_SWIFT_STANDARD_LIBRARIES = YES;
				BUNDLE_LOADER = "$(TEST_HOST)";
				CODE_SIGN_STYLE = Automatic;
				DEVELOPMENT_TEAM = EF3ZB275X3;
				INFOPLIST_FILE = NC1Tests/Info.plist;
				LD_RUNPATH_SEARCH_PATHS = (
					"$(inherited)",
					"@executable_path/Frameworks",
					"@loader_path/Frameworks",
				);
				PRODUCT_BUNDLE_IDENTIFIER = INC.NC1Tests;
				PRODUCT_NAME = "$(TARGET_NAME)";
				SWIFT_VERSION = 5.0;
				TARGETED_DEVICE_FAMILY = "1,2";
				TEST_HOST = "$(BUILT_PRODUCTS_DIR)/NC1.app/NC1";
			};
			name = Release;
		};
		B04DFFAD228BD619008BA7B5 /* Debug */ = {
			isa = XCBuildConfiguration;
			buildSettings = {
				ALWAYS_EMBED_SWIFT_STANDARD_LIBRARIES = YES;
				CODE_SIGN_STYLE = Automatic;
				DEVELOPMENT_TEAM = EF3ZB275X3;
				INFOPLIST_FILE = NC1UITests/Info.plist;
				LD_RUNPATH_SEARCH_PATHS = (
					"$(inherited)",
					"@executable_path/Frameworks",
					"@loader_path/Frameworks",
				);
				PRODUCT_BUNDLE_IDENTIFIER = INC.NC1UITests;
				PRODUCT_NAME = "$(TARGET_NAME)";
				SWIFT_VERSION = 5.0;
				TARGETED_DEVICE_FAMILY = "1,2";
				TEST_TARGET_NAME = NC1;
			};
			name = Debug;
		};
		B04DFFAE228BD619008BA7B5 /* Release */ = {
			isa = XCBuildConfiguration;
			buildSettings = {
				ALWAYS_EMBED_SWIFT_STANDARD_LIBRARIES = YES;
				CODE_SIGN_STYLE = Automatic;
				DEVELOPMENT_TEAM = EF3ZB275X3;
				INFOPLIST_FILE = NC1UITests/Info.plist;
				LD_RUNPATH_SEARCH_PATHS = (
					"$(inherited)",
					"@executable_path/Frameworks",
					"@loader_path/Frameworks",
				);
				PRODUCT_BUNDLE_IDENTIFIER = INC.NC1UITests;
				PRODUCT_NAME = "$(TARGET_NAME)";
				SWIFT_VERSION = 5.0;
				TARGETED_DEVICE_FAMILY = "1,2";
				TEST_TARGET_NAME = NC1;
			};
			name = Release;
		};
/* End XCBuildConfiguration section */

/* Begin XCConfigurationList section */
		B04DFF79228BD617008BA7B5 /* Build configuration list for PBXProject "NC1" */ = {
			isa = XCConfigurationList;
			buildConfigurations = (
				B04DFFA4228BD619008BA7B5 /* Debug */,
				B04DFFA5228BD619008BA7B5 /* Release */,
			);
			defaultConfigurationIsVisible = 0;
			defaultConfigurationName = Release;
		};
		B04DFFA6228BD619008BA7B5 /* Build configuration list for PBXNativeTarget "NC1" */ = {
			isa = XCConfigurationList;
			buildConfigurations = (
				B04DFFA7228BD619008BA7B5 /* Debug */,
				B04DFFA8228BD619008BA7B5 /* Release */,
			);
			defaultConfigurationIsVisible = 0;
			defaultConfigurationName = Release;
		};
		B04DFFA9228BD619008BA7B5 /* Build configuration list for PBXNativeTarget "NC1Tests" */ = {
			isa = XCConfigurationList;
			buildConfigurations = (
				B04DFFAA228BD619008BA7B5 /* Debug */,
				B04DFFAB228BD619008BA7B5 /* Release */,
			);
			defaultConfigurationIsVisible = 0;
			defaultConfigurationName = Release;
		};
		B04DFFAC228BD619008BA7B5 /* Build configuration list for PBXNativeTarget "NC1UITests" */ = {
			isa = XCConfigurationList;
			buildConfigurations = (
				B04DFFAD228BD619008BA7B5 /* Debug */,
				B04DFFAE228BD619008BA7B5 /* Release */,
			);
			defaultConfigurationIsVisible = 0;
			defaultConfigurationName = Release;
		};
/* End XCConfigurationList section */
	};
	rootObject = B04DFF76228BD617008BA7B5 /* Project object */;
}
